
Microsoft Visual Studio Solution File, Format Version 12.00
# Visual Studio Version 16
VisualStudioVersion = 16.0.31624.102
MinimumVisualStudioVersion = 10.0.40219.1
Project("{9A19103F-16F7-4668-BE54-9A1E7A4F7556}") = "Labyrinth_generator", "Labyrinth_generator.csproj", "{AFEBA12C-A19C-4E7C-B6B6-1D48A3A46DD5}"
EndProject
Global
	GlobalSection(SolutionConfigurationPlatforms) = preSolution
		Debug|Any CPU = Debug|Any CPU
		Release|Any CPU = Release|Any CPU
	EndGlobalSection
	GlobalSection(ProjectConfigurationPlatforms) = postSolution
		{AFEBA12C-A19C-4E7C-B6B6-1D48A3A46DD5}.Debug|Any CPU.ActiveCfg = Debug|Any CPU
		{AFEBA12C-A19C-4E7C-B6B6-1D48A3A46DD5}.Debug|Any CPU.Build.0 = Debug|Any CPU
		{AFEBA12C-A19C-4E7C-B6B6-1D48A3A46DD5}.Release|Any CPU.ActiveCfg = Release|Any CPU
		{AFEBA12C-A19C-4E7C-B6B6-1D48A3A46DD5}.Release|Any CPU.Build.0 = Release|Any CPU
	EndGlobalSection
	GlobalSection(SolutionProperties) = preSolution
		HideSolutionNode = FALSE
	EndGlobalSection
	GlobalSection(ExtensibilityGlobals) = postSolution
		SolutionGuid = {8B5A0F67-ED2C-4D30-A1A1-8D475EAE352A}
	EndGlobalSection
EndGlobal
